
Microsoft Visual Studio Solution File, Format Version 12.00
# Visual Studio Version 16
VisualStudioVersion = 16.0.30907.101
MinimumVisualStudioVersion = 10.0.40219.1
Project("{9A19103F-16F7-4668-BE54-9A1E7A4F7556}") = "MeterReadingImport.API", "MeterReadingImport.API\MeterReadingImport.API.csproj", "{E566E22C-11EA-4841-BABF-2BD37BCA52DA}"
EndProject
Project("{FAE04EC0-301F-11D3-BF4B-00C04F79EFBC}") = "MeterReadingImport.Domain", "MeterReadingImport.Domain\MeterReadingImport.Domain.csproj", "{D370E7EB-F990-40D1-BDF9-F55E40D1E6AD}"
EndProject
Project("{FAE04EC0-301F-11D3-BF4B-00C04F79EFBC}") = "MeterReadingImport.Repository", "MeterReadingImport.Repository\MeterReadingImport.Repository.csproj", "{51F53802-7426-4AFE-B435-2A3245C3A128}"
EndProject
Global
	GlobalSection(SolutionConfigurationPlatforms) = preSolution
		Debug|Any CPU = Debug|Any CPU
		Release|Any CPU = Release|Any CPU
	EndGlobalSection
	GlobalSection(ProjectConfigurationPlatforms) = postSolution
		{E566E22C-11EA-4841-BABF-2BD37BCA52DA}.Debug|Any CPU.ActiveCfg = Debug|Any CPU
		{E566E22C-11EA-4841-BABF-2BD37BCA52DA}.Debug|Any CPU.Build.0 = Debug|Any CPU
		{E566E22C-11EA-4841-BABF-2BD37BCA52DA}.Release|Any CPU.ActiveCfg = Release|Any CPU
		{E566E22C-11EA-4841-BABF-2BD37BCA52DA}.Release|Any CPU.Build.0 = Release|Any CPU
		{D370E7EB-F990-40D1-BDF9-F55E40D1E6AD}.Debug|Any CPU.ActiveCfg = Debug|Any CPU
		{D370E7EB-F990-40D1-BDF9-F55E40D1E6AD}.Debug|Any CPU.Build.0 = Debug|Any CPU
		{D370E7EB-F990-40D1-BDF9-F55E40D1E6AD}.Release|Any CPU.ActiveCfg = Release|Any CPU
		{D370E7EB-F990-40D1-BDF9-F55E40D1E6AD}.Release|Any CPU.Build.0 = Release|Any CPU
		{51F53802-7426-4AFE-B435-2A3245C3A128}.Debug|Any CPU.ActiveCfg = Debug|Any CPU
		{51F53802-7426-4AFE-B435-2A3245C3A128}.Debug|Any CPU.Build.0 = Debug|Any CPU
		{51F53802-7426-4AFE-B435-2A3245C3A128}.Release|Any CPU.ActiveCfg = Release|Any CPU
		{51F53802-7426-4AFE-B435-2A3245C3A128}.Release|Any CPU.Build.0 = Release|Any CPU
	EndGlobalSection
	GlobalSection(SolutionProperties) = preSolution
		HideSolutionNode = FALSE
	EndGlobalSection
	GlobalSection(ExtensibilityGlobals) = postSolution
		SolutionGuid = {A55339FD-C30C-449A-A23A-DF003D701272}
	EndGlobalSection
EndGlobal
